# THIS IS AN AUTOGENERATED FILE. DO NOT EDIT THIS FILE DIRECTLY.
# yarn lockfile v1


"@babel/runtime@^7.7.6":
  version "7.16.3"
  resolved "https://registry.npmmirror.com/@babel/runtime/download/@babel/runtime-7.16.3.tgz#b86f0db02a04187a3c17caa77de69840165d42d5"
  integrity sha512-WBwekcqacdY2e9AF/Q7WLFUWmdJGJTkbjqTjoMDgXkVZ3ZRUvOPsLb5KdwISoQVsbP+DQzVZW4Zhci0DvpbNTQ==
  dependencies:
    regenerator-runtime "^0.13.4"

confusing-browser-globals@^1.0.10:
  version "1.0.10"
  resolved "https://registry.npmmirror.com/confusing-browser-globals/download/confusing-browser-globals-1.0.10.tgz#30d1e7f3d1b882b25ec4933d1d1adac353d20a59"
  integrity sha1-MNHn89G4grJexJM9HRraw1PSClk=

eslint-config-react-app@^6.0.0:
  version "6.0.0"
  resolved "https://registry.npmmirror.com/eslint-config-react-app/download/eslint-config-react-app-6.0.0.tgz#ccff9fc8e36b322902844cbd79197982be355a0e"
  integrity sha1-zP+fyONrMikChEy9eRl5gr41Wg4=
  dependencies:
    confusing-browser-globals "^1.0.10"

history@^5.1.0:
  version "5.1.0"
  resolved "https://registry.npmmirror.com/history/download/history-5.1.0.tgz#2e93c09c064194d38d52ed62afd0afc9d9b01ece"
  integrity sha1-LpPAnAZBlNONUu1ir9CvydmwHs4=
  dependencies:
    "@babel/runtime" "^7.7.6"

moment@^2.29.1:
  version "2.29.1"
  resolved "https://registry.nlark.com/moment/download/moment-2.29.1.tgz#b2be769fa31940be9eeea6469c075e35006fa3d3"
  integrity sha1-sr52n6MZQL6e7qZGnAdeNQBvo9M=

react-router-dom@^6.0.2:
  version "6.0.2"
  resolved "https://registry.npmmirror.com/react-router-dom/download/react-router-dom-6.0.2.tgz#860cefa697b9d4965eced3f91e82cdbc5995f3ad"
  integrity sha512-cOpJ4B6raFutr0EG8O/M2fEoyQmwvZWomf1c6W2YXBZuFBx8oTk/zqjXghwScyhfrtnt0lANXV2182NQblRxFA==
  dependencies:
    history "^5.1.0"
    react-router "6.0.2"

react-router@6.0.2, react-router@^6.0.2:
  version "6.0.2"
  resolved "https://registry.npmmirror.com/react-router/download/react-router-6.0.2.tgz#bd2b0fa84fd1d152671e9f654d9c0b1f5a7c86da"
  integrity sha512-8/Wm3Ed8t7TuedXjAvV39+c8j0vwrI5qVsYqjFr5WkJjsJpEvNSoLRUbtqSEYzqaTUj1IV+sbPJxvO+accvU0Q==
  dependencies:
    history "^5.1.0"

regenerator-runtime@^0.13.4:
  version "0.13.9"
  resolved "https://registry.nlark.com/regenerator-runtime/download/regenerator-runtime-0.13.9.tgz#8925742a98ffd90814988d7566ad30ca3b263b52"
  integrity sha1-iSV0Kpj/2QgUmI11Zq0wyjsmO1I=
